
Microsoft Visual Studio Solution File, Format Version 12.00
Project("{FAE04EC0-301F-11D3-BF4B-00C04F79EFBC}") = "_1FirstCSharpProgram", "_1FirstCSharpProgram\_1FirstCSharpProgram.csproj", "{C070F90E-CD03-4B7D-B41B-677738A2D7B1}"
EndProject
Project("{2150E333-8FDC-42A3-9474-1A3956D46DE8}") = "HelloWorld", "HelloWorld", "{402171FF-E8E3-4A16-8B53-D899D91634AF}"
	ProjectSection(SolutionItems) = preProject
		HelloWorld\readme.md = HelloWorld\readme.md
	EndProjectSection
EndProject
Project("{FAE04EC0-301F-11D3-BF4B-00C04F79EFBC}") = "_2Variables", "_2Variables\_2Variables.csproj", "{9D0B36C7-0E25-4A70-9AAE-8F426CA7246D}"
EndProject
Project("{FAE04EC0-301F-11D3-BF4B-00C04F79EFBC}") = "_3Constants", "_3Constants\_3Constants.csproj", "{E6B9924D-D3FB-4503-B8F6-118EE103E0DC}"
EndProject
Project("{FAE04EC0-301F-11D3-BF4B-00C04F79EFBC}") = "_4TypeCasting", "_4TypeCasting\_4TypeCasting.csproj", "{BC1CE546-A819-4A3B-91BC-BDF13DD92647}"
EndProject
Project("{FAE04EC0-301F-11D3-BF4B-00C04F79EFBC}") = "_5UserInput", "_5UserInput\_5UserInput.csproj", "{96161907-8C5E-4FA4-83E9-5521DB8A4DA2}"
EndProject
Project("{FAE04EC0-301F-11D3-BF4B-00C04F79EFBC}") = "_6ArithmeticOperators", "_6ArithmeticOperators\_6ArithmeticOperators.csproj", "{3A10A692-DA62-45C9-85C1-02956C9BEEDB}"
EndProject
Project("{FAE04EC0-301F-11D3-BF4B-00C04F79EFBC}") = "_7MathClass", "_7MathClass\_7MathClass.csproj", "{0DD2F983-5F0E-4F7E-A07F-DBCD4DAB8820}"
EndProject
Project("{FAE04EC0-301F-11D3-BF4B-00C04F79EFBC}") = "_8RandomNumbers", "_8RandomNumbers\_8RandomNumbers.csproj", "{6389D0A4-7A62-4F80-9095-86197C61F043}"
EndProject
Project("{FAE04EC0-301F-11D3-BF4B-00C04F79EFBC}") = "_9HypotentuseCalculatorProgram", "_9HypotentuseCalculatorProgram\_9HypotentuseCalculatorProgram.csproj", "{8C5DC7A7-1826-4F0E-8481-013B8BE9D027}"
EndProject
Project("{FAE04EC0-301F-11D3-BF4B-00C04F79EFBC}") = "_10StringMethods", "_10StringMethods\_10StringMethods.csproj", "{52149E57-DFD4-4957-9CBE-80F6320FF2D2}"
EndProject
Project("{FAE04EC0-301F-11D3-BF4B-00C04F79EFBC}") = "_11IfStatements", "_11IfStatements\_11IfStatements.csproj", "{A89650CD-100B-493B-A52B-B03449669A59}"
EndProject
Project("{FAE04EC0-301F-11D3-BF4B-00C04F79EFBC}") = "_12Switches", "_12Switches\_12Switches.csproj", "{90790F15-8CCF-4747-9A25-AEBC7CD03C2B}"
EndProject
Project("{FAE04EC0-301F-11D3-BF4B-00C04F79EFBC}") = "_13LogicalOperators", "_13LogicalOperators\_13LogicalOperators.csproj", "{00519666-77FB-449B-BCFD-F0C46319D65B}"
EndProject
Project("{FAE04EC0-301F-11D3-BF4B-00C04F79EFBC}") = "_14WhileLoops", "_14WhileLoops\_14WhileLoops.csproj", "{F00AD491-FE5E-4F92-9EC9-E2370DD63C13}"
EndProject
Project("{FAE04EC0-301F-11D3-BF4B-00C04F79EFBC}") = "_15ForLoops", "_15ForLoops\_15ForLoops.csproj", "{53FC4E63-7C49-41B0-9631-6429711779C6}"
EndProject
Project("{FAE04EC0-301F-11D3-BF4B-00C04F79EFBC}") = "_16NestedLoops", "_16NestedLoops\_16NestedLoops.csproj", "{D9B8BFC0-7CBB-4CB8-9175-19A00C10FE4C}"
EndProject
Project("{FAE04EC0-301F-11D3-BF4B-00C04F79EFBC}") = "_17NumberGuessingGame", "_17NumberGuessingGame\_17NumberGuessingGame.csproj", "{7E94E183-BE62-408C-8FC9-7780261E1489}"
EndProject
Project("{FAE04EC0-301F-11D3-BF4B-00C04F79EFBC}") = "_18RockPapercissorsGame", "_18RockPapercissorsGame\_18RockPapercissorsGame.csproj", "{6803A2B9-7DC6-4F11-8C90-270693F1DA5F}"
EndProject
Project("{FAE04EC0-301F-11D3-BF4B-00C04F79EFBC}") = "_19CalculatorProgram", "_19CalculatorProgram\_19CalculatorProgram.csproj", "{51CF2BD0-5088-4C40-AA2E-341324E78347}"
EndProject
Project("{FAE04EC0-301F-11D3-BF4B-00C04F79EFBC}") = "_20Arrays", "_20Arrays\_20Arrays.csproj", "{737D6945-D64B-486F-BCF5-5ACB86AAD10D}"
EndProject
Project("{FAE04EC0-301F-11D3-BF4B-00C04F79EFBC}") = "_21ForEachLoop", "_21ForEachLoop\_21ForEachLoop.csproj", "{345063F9-835F-473D-A0DA-1B956A7FB73D}"
EndProject
Project("{FAE04EC0-301F-11D3-BF4B-00C04F79EFBC}") = "_22Methods", "_22Methods\_22Methods.csproj", "{497C6102-9C91-49A3-8C6F-8BD56640666C}"
EndProject
Project("{FAE04EC0-301F-11D3-BF4B-00C04F79EFBC}") = "_23ReturnKeyword", "_23ReturnKeyword\_23ReturnKeyword.csproj", "{24C221CD-5FF7-485B-962D-131DD8AAC6BB}"
EndProject
Project("{FAE04EC0-301F-11D3-BF4B-00C04F79EFBC}") = "_24MethodOverloading", "_24MethodOverloading\_24MethodOverloading.csproj", "{1F083A7E-CD12-4D33-ACBB-7331592A08FD}"
EndProject
Project("{FAE04EC0-301F-11D3-BF4B-00C04F79EFBC}") = "_25ParamsKeyword", "_25ParamsKeyword\_25ParamsKeyword.csproj", "{23F18524-BEA1-4796-A2B3-BA747BB16233}"
EndProject
Project("{FAE04EC0-301F-11D3-BF4B-00C04F79EFBC}") = "_26ExceptionHandling", "_26ExceptionHandling\_26ExceptionHandling.csproj", "{EE7C98CD-EE41-4560-87B5-1A8BE42297C9}"
EndProject
Project("{FAE04EC0-301F-11D3-BF4B-00C04F79EFBC}") = "_27ConditionalOperator", "_27ConditionalOperator\_27ConditionalOperator.csproj", "{06A06B1F-AD2D-4A1A-80D1-21853DFDED00}"
EndProject
Project("{FAE04EC0-301F-11D3-BF4B-00C04F79EFBC}") = "_28StringInterpolation", "_28StringInterpolation\_28StringInterpolation.csproj", "{1EEC999B-4153-4A03-B4F7-C685595275A3}"
EndProject
Project("{FAE04EC0-301F-11D3-BF4B-00C04F79EFBC}") = "_29MultiDimensionalArrays", "_29MultiDimensionalArrays\_29MultiDimensionalArrays.csproj", "{D1A4379B-3E42-42FC-909E-354620553913}"
EndProject
Project("{FAE04EC0-301F-11D3-BF4B-00C04F79EFBC}") = "_30Classes", "_30Classes\_30Classes.csproj", "{9598782D-F039-46E6-A119-2516F33120C9}"
EndProject
Project("{FAE04EC0-301F-11D3-BF4B-00C04F79EFBC}") = "_31Objects", "_31Objects\_31Objects.csproj", "{103711ED-4D13-42F7-B231-7369BDB3736E}"
EndProject
Project("{FAE04EC0-301F-11D3-BF4B-00C04F79EFBC}") = "_32Constructors", "_32Constructors\_32Constructors.csproj", "{FE521087-4312-45C1-AEB7-1CEE05E54267}"
EndProject
Project("{FAE04EC0-301F-11D3-BF4B-00C04F79EFBC}") = "_32Constructors_1", "_32Constructors_1\_32Constructors_1.csproj", "{56A91553-9D5F-48A2-A913-071FDDCCB5D3}"
EndProject
Project("{FAE04EC0-301F-11D3-BF4B-00C04F79EFBC}") = "_33Static", "_33Static\_33Static.csproj", "{B292D8BA-1AC9-4555-B4DA-600B29AC111D}"
EndProject
Project("{FAE04EC0-301F-11D3-BF4B-00C04F79EFBC}") = "_34OverloadedConstructors", "_34OverloadedConstructors\_34OverloadedConstructors.csproj", "{0A5881CB-C5CC-48D2-80D3-820AB68678CD}"
EndProject
Project("{FAE04EC0-301F-11D3-BF4B-00C04F79EFBC}") = "_35Inheritance", "_35Inheritance\_35Inheritance.csproj", "{5A2936DE-FB8F-4087-BDFF-F7E7D1080250}"
EndProject
Project("{FAE04EC0-301F-11D3-BF4B-00C04F79EFBC}") = "_36AbstractClasses", "_36AbstractClasses\_36AbstractClasses.csproj", "{7724CA11-6CFD-40BA-96BA-96DDC1C83B1E}"
EndProject
Project("{FAE04EC0-301F-11D3-BF4B-00C04F79EFBC}") = "_37ArrayOfObjects", "_37ArrayOfObjects\_37ArrayOfObjects.csproj", "{5FF0FB65-5899-40B8-9E98-D9B4D727DB64}"
EndProject
Project("{FAE04EC0-301F-11D3-BF4B-00C04F79EFBC}") = "_38ObjectsAsArguments", "_38ObjectsAsArguments\_38ObjectsAsArguments.csproj", "{31A9F0E2-331D-4505-85A8-B7629392B6A1}"
EndProject
Project("{FAE04EC0-301F-11D3-BF4B-00C04F79EFBC}") = "_38ObjectsAsArguments_1", "_38ObjectsAsArguments_1\_38ObjectsAsArguments_1.csproj", "{37ACBBCF-FA07-4220-A509-C7D86F2BFA18}"
EndProject
Project("{FAE04EC0-301F-11D3-BF4B-00C04F79EFBC}") = "_39MethodOverriding", "_39MethodOverriding\_39MethodOverriding.csproj", "{D8DCA881-43F4-461D-AACD-6B21F4206563}"
EndProject
Project("{FAE04EC0-301F-11D3-BF4B-00C04F79EFBC}") = "_40ToStringMethod", "_40ToStringMethod\_40ToStringMethod.csproj", "{75AD589B-8700-4FDC-9C11-49E3959995D9}"
EndProject
Project("{FAE04EC0-301F-11D3-BF4B-00C04F79EFBC}") = "_41Polymorphism", "_41Polymorphism\_41Polymorphism.csproj", "{2654500E-5117-430B-8C67-031461B3F272}"
EndProject
Project("{FAE04EC0-301F-11D3-BF4B-00C04F79EFBC}") = "_42Interfaces", "_42Interfaces\_42Interfaces.csproj", "{60EEFCFE-9C05-42F2-A801-5BDE31E4CCF5}"
EndProject
Project("{FAE04EC0-301F-11D3-BF4B-00C04F79EFBC}") = "_43Lists", "_43Lists\_43Lists.csproj", "{116A407B-60F5-4CDF-A86D-955ADF06349B}"
EndProject
Project("{FAE04EC0-301F-11D3-BF4B-00C04F79EFBC}") = "_44ListOfObjects", "_44ListOfObjects\_44ListOfObjects.csproj", "{F0B40BE9-4526-4C90-85CD-C931AB0CBFB9}"
EndProject
Project("{FAE04EC0-301F-11D3-BF4B-00C04F79EFBC}") = "_45GettersSetters", "_45GettersSetters\_45GettersSetters.csproj", "{75BAEA6C-B563-425C-BF24-6E005EA84C80}"
EndProject
Project("{FAE04EC0-301F-11D3-BF4B-00C04F79EFBC}") = "_46AutoImplementedProperties", "_46AutoImplementedProperties\_46AutoImplementedProperties.csproj", "{430086B5-D74A-402F-9C4C-D761173E1F87}"
EndProject
Project("{FAE04EC0-301F-11D3-BF4B-00C04F79EFBC}") = "_47Enums", "_47Enums\_47Enums.csproj", "{3AC8317C-7B70-46DD-BCE4-78ED747005DD}"
EndProject
Project("{FAE04EC0-301F-11D3-BF4B-00C04F79EFBC}") = "_48Generics", "_48Generics\_48Generics.csproj", "{F1110434-BFE2-4394-9BEE-CF9820540292}"
EndProject
Project("{FAE04EC0-301F-11D3-BF4B-00C04F79EFBC}") = "_49MultiThreading", "_49MultiThreading\_49MultiThreading.csproj", "{2BDC2E06-9B0D-41CB-A981-019E46C207CF}"
EndProject
Project("{FAE04EC0-301F-11D3-BF4B-00C04F79EFBC}") = "_50TryParse", "_50TryParse\_50TryParse.csproj", "{31E4B1AD-1B23-4766-B7FF-4366FA31257E}"
EndProject
Project("{FAE04EC0-301F-11D3-BF4B-00C04F79EFBC}") = "_51NumericFormatting", "_51NumericFormatting\_51NumericFormatting.csproj", "{8A48FA2A-E8D7-45B1-A316-66103BD53101}"
EndProject
Global
	GlobalSection(SolutionConfigurationPlatforms) = preSolution
		Debug|Any CPU = Debug|Any CPU
		Release|Any CPU = Release|Any CPU
	EndGlobalSection
	GlobalSection(ProjectConfigurationPlatforms) = postSolution
		{C070F90E-CD03-4B7D-B41B-677738A2D7B1}.Debug|Any CPU.ActiveCfg = Debug|Any CPU
		{C070F90E-CD03-4B7D-B41B-677738A2D7B1}.Debug|Any CPU.Build.0 = Debug|Any CPU
		{C070F90E-CD03-4B7D-B41B-677738A2D7B1}.Release|Any CPU.ActiveCfg = Release|Any CPU
		{C070F90E-CD03-4B7D-B41B-677738A2D7B1}.Release|Any CPU.Build.0 = Release|Any CPU
		{9D0B36C7-0E25-4A70-9AAE-8F426CA7246D}.Debug|Any CPU.ActiveCfg = Debug|Any CPU
		{9D0B36C7-0E25-4A70-9AAE-8F426CA7246D}.Debug|Any CPU.Build.0 = Debug|Any CPU
		{9D0B36C7-0E25-4A70-9AAE-8F426CA7246D}.Release|Any CPU.ActiveCfg = Release|Any CPU
		{9D0B36C7-0E25-4A70-9AAE-8F426CA7246D}.Release|Any CPU.Build.0 = Release|Any CPU
		{E6B9924D-D3FB-4503-B8F6-118EE103E0DC}.Debug|Any CPU.ActiveCfg = Debug|Any CPU
		{E6B9924D-D3FB-4503-B8F6-118EE103E0DC}.Debug|Any CPU.Build.0 = Debug|Any CPU
		{E6B9924D-D3FB-4503-B8F6-118EE103E0DC}.Release|Any CPU.ActiveCfg = Release|Any CPU
		{E6B9924D-D3FB-4503-B8F6-118EE103E0DC}.Release|Any CPU.Build.0 = Release|Any CPU
		{BC1CE546-A819-4A3B-91BC-BDF13DD92647}.Debug|Any CPU.ActiveCfg = Debug|Any CPU
		{BC1CE546-A819-4A3B-91BC-BDF13DD92647}.Debug|Any CPU.Build.0 = Debug|Any CPU
		{BC1CE546-A819-4A3B-91BC-BDF13DD92647}.Release|Any CPU.ActiveCfg = Release|Any CPU
		{BC1CE546-A819-4A3B-91BC-BDF13DD92647}.Release|Any CPU.Build.0 = Release|Any CPU
		{96161907-8C5E-4FA4-83E9-5521DB8A4DA2}.Debug|Any CPU.ActiveCfg = Debug|Any CPU
		{96161907-8C5E-4FA4-83E9-5521DB8A4DA2}.Debug|Any CPU.Build.0 = Debug|Any CPU
		{96161907-8C5E-4FA4-83E9-5521DB8A4DA2}.Release|Any CPU.ActiveCfg = Release|Any CPU
		{96161907-8C5E-4FA4-83E9-5521DB8A4DA2}.Release|Any CPU.Build.0 = Release|Any CPU
		{3A10A692-DA62-45C9-85C1-02956C9BEEDB}.Debug|Any CPU.ActiveCfg = Debug|Any CPU
		{3A10A692-DA62-45C9-85C1-02956C9BEEDB}.Debug|Any CPU.Build.0 = Debug|Any CPU
		{3A10A692-DA62-45C9-85C1-02956C9BEEDB}.Release|Any CPU.ActiveCfg = Release|Any CPU
		{3A10A692-DA62-45C9-85C1-02956C9BEEDB}.Release|Any CPU.Build.0 = Release|Any CPU
		{0DD2F983-5F0E-4F7E-A07F-DBCD4DAB8820}.Debug|Any CPU.ActiveCfg = Debug|Any CPU
		{0DD2F983-5F0E-4F7E-A07F-DBCD4DAB8820}.Debug|Any CPU.Build.0 = Debug|Any CPU
		{0DD2F983-5F0E-4F7E-A07F-DBCD4DAB8820}.Release|Any CPU.ActiveCfg = Release|Any CPU
		{0DD2F983-5F0E-4F7E-A07F-DBCD4DAB8820}.Release|Any CPU.Build.0 = Release|Any CPU
		{6389D0A4-7A62-4F80-9095-86197C61F043}.Debug|Any CPU.ActiveCfg = Debug|Any CPU
		{6389D0A4-7A62-4F80-9095-86197C61F043}.Debug|Any CPU.Build.0 = Debug|Any CPU
		{6389D0A4-7A62-4F80-9095-86197C61F043}.Release|Any CPU.ActiveCfg = Release|Any CPU
		{6389D0A4-7A62-4F80-9095-86197C61F043}.Release|Any CPU.Build.0 = Release|Any CPU
		{8C5DC7A7-1826-4F0E-8481-013B8BE9D027}.Debug|Any CPU.ActiveCfg = Debug|Any CPU
		{8C5DC7A7-1826-4F0E-8481-013B8BE9D027}.Debug|Any CPU.Build.0 = Debug|Any CPU
		{8C5DC7A7-1826-4F0E-8481-013B8BE9D027}.Release|Any CPU.ActiveCfg = Release|Any CPU
		{8C5DC7A7-1826-4F0E-8481-013B8BE9D027}.Release|Any CPU.Build.0 = Release|Any CPU
		{52149E57-DFD4-4957-9CBE-80F6320FF2D2}.Debug|Any CPU.ActiveCfg = Debug|Any CPU
		{52149E57-DFD4-4957-9CBE-80F6320FF2D2}.Debug|Any CPU.Build.0 = Debug|Any CPU
		{52149E57-DFD4-4957-9CBE-80F6320FF2D2}.Release|Any CPU.ActiveCfg = Release|Any CPU
		{52149E57-DFD4-4957-9CBE-80F6320FF2D2}.Release|Any CPU.Build.0 = Release|Any CPU
		{A89650CD-100B-493B-A52B-B03449669A59}.Debug|Any CPU.ActiveCfg = Debug|Any CPU
		{A89650CD-100B-493B-A52B-B03449669A59}.Debug|Any CPU.Build.0 = Debug|Any CPU
		{A89650CD-100B-493B-A52B-B03449669A59}.Release|Any CPU.ActiveCfg = Release|Any CPU
		{A89650CD-100B-493B-A52B-B03449669A59}.Release|Any CPU.Build.0 = Release|Any CPU
		{90790F15-8CCF-4747-9A25-AEBC7CD03C2B}.Debug|Any CPU.ActiveCfg = Debug|Any CPU
		{90790F15-8CCF-4747-9A25-AEBC7CD03C2B}.Debug|Any CPU.Build.0 = Debug|Any CPU
		{90790F15-8CCF-4747-9A25-AEBC7CD03C2B}.Release|Any CPU.ActiveCfg = Release|Any CPU
		{90790F15-8CCF-4747-9A25-AEBC7CD03C2B}.Release|Any CPU.Build.0 = Release|Any CPU
		{00519666-77FB-449B-BCFD-F0C46319D65B}.Debug|Any CPU.ActiveCfg = Debug|Any CPU
		{00519666-77FB-449B-BCFD-F0C46319D65B}.Debug|Any CPU.Build.0 = Debug|Any CPU
		{00519666-77FB-449B-BCFD-F0C46319D65B}.Release|Any CPU.ActiveCfg = Release|Any CPU
		{00519666-77FB-449B-BCFD-F0C46319D65B}.Release|Any CPU.Build.0 = Release|Any CPU
		{F00AD491-FE5E-4F92-9EC9-E2370DD63C13}.Debug|Any CPU.ActiveCfg = Debug|Any CPU
		{F00AD491-FE5E-4F92-9EC9-E2370DD63C13}.Debug|Any CPU.Build.0 = Debug|Any CPU
		{F00AD491-FE5E-4F92-9EC9-E2370DD63C13}.Release|Any CPU.ActiveCfg = Release|Any CPU
		{F00AD491-FE5E-4F92-9EC9-E2370DD63C13}.Release|Any CPU.Build.0 = Release|Any CPU
		{53FC4E63-7C49-41B0-9631-6429711779C6}.Debug|Any CPU.ActiveCfg = Debug|Any CPU
		{53FC4E63-7C49-41B0-9631-6429711779C6}.Debug|Any CPU.Build.0 = Debug|Any CPU
		{53FC4E63-7C49-41B0-9631-6429711779C6}.Release|Any CPU.ActiveCfg = Release|Any CPU
		{53FC4E63-7C49-41B0-9631-6429711779C6}.Release|Any CPU.Build.0 = Release|Any CPU
		{D9B8BFC0-7CBB-4CB8-9175-19A00C10FE4C}.Debug|Any CPU.ActiveCfg = Debug|Any CPU
		{D9B8BFC0-7CBB-4CB8-9175-19A00C10FE4C}.Debug|Any CPU.Build.0 = Debug|Any CPU
		{D9B8BFC0-7CBB-4CB8-9175-19A00C10FE4C}.Release|Any CPU.ActiveCfg = Release|Any CPU
		{D9B8BFC0-7CBB-4CB8-9175-19A00C10FE4C}.Release|Any CPU.Build.0 = Release|Any CPU
		{7E94E183-BE62-408C-8FC9-7780261E1489}.Debug|Any CPU.ActiveCfg = Debug|Any CPU
		{7E94E183-BE62-408C-8FC9-7780261E1489}.Debug|Any CPU.Build.0 = Debug|Any CPU
		{7E94E183-BE62-408C-8FC9-7780261E1489}.Release|Any CPU.ActiveCfg = Release|Any CPU
		{7E94E183-BE62-408C-8FC9-7780261E1489}.Release|Any CPU.Build.0 = Release|Any CPU
		{6803A2B9-7DC6-4F11-8C90-270693F1DA5F}.Debug|Any CPU.ActiveCfg = Debug|Any CPU
		{6803A2B9-7DC6-4F11-8C90-270693F1DA5F}.Debug|Any CPU.Build.0 = Debug|Any CPU
		{6803A2B9-7DC6-4F11-8C90-270693F1DA5F}.Release|Any CPU.ActiveCfg = Release|Any CPU
		{6803A2B9-7DC6-4F11-8C90-270693F1DA5F}.Release|Any CPU.Build.0 = Release|Any CPU
		{51CF2BD0-5088-4C40-AA2E-341324E78347}.Debug|Any CPU.ActiveCfg = Debug|Any CPU
		{51CF2BD0-5088-4C40-AA2E-341324E78347}.Debug|Any CPU.Build.0 = Debug|Any CPU
		{51CF2BD0-5088-4C40-AA2E-341324E78347}.Release|Any CPU.ActiveCfg = Release|Any CPU
		{51CF2BD0-5088-4C40-AA2E-341324E78347}.Release|Any CPU.Build.0 = Release|Any CPU
		{737D6945-D64B-486F-BCF5-5ACB86AAD10D}.Debug|Any CPU.ActiveCfg = Debug|Any CPU
		{737D6945-D64B-486F-BCF5-5ACB86AAD10D}.Debug|Any CPU.Build.0 = Debug|Any CPU
		{737D6945-D64B-486F-BCF5-5ACB86AAD10D}.Release|Any CPU.ActiveCfg = Release|Any CPU
		{737D6945-D64B-486F-BCF5-5ACB86AAD10D}.Release|Any CPU.Build.0 = Release|Any CPU
		{345063F9-835F-473D-A0DA-1B956A7FB73D}.Debug|Any CPU.ActiveCfg = Debug|Any CPU
		{345063F9-835F-473D-A0DA-1B956A7FB73D}.Debug|Any CPU.Build.0 = Debug|Any CPU
		{345063F9-835F-473D-A0DA-1B956A7FB73D}.Release|Any CPU.ActiveCfg = Release|Any CPU
		{345063F9-835F-473D-A0DA-1B956A7FB73D}.Release|Any CPU.Build.0 = Release|Any CPU
		{497C6102-9C91-49A3-8C6F-8BD56640666C}.Debug|Any CPU.ActiveCfg = Debug|Any CPU
		{497C6102-9C91-49A3-8C6F-8BD56640666C}.Debug|Any CPU.Build.0 = Debug|Any CPU
		{497C6102-9C91-49A3-8C6F-8BD56640666C}.Release|Any CPU.ActiveCfg = Release|Any CPU
		{497C6102-9C91-49A3-8C6F-8BD56640666C}.Release|Any CPU.Build.0 = Release|Any CPU
		{24C221CD-5FF7-485B-962D-131DD8AAC6BB}.Debug|Any CPU.ActiveCfg = Debug|Any CPU
		{24C221CD-5FF7-485B-962D-131DD8AAC6BB}.Debug|Any CPU.Build.0 = Debug|Any CPU
		{24C221CD-5FF7-485B-962D-131DD8AAC6BB}.Release|Any CPU.ActiveCfg = Release|Any CPU
		{24C221CD-5FF7-485B-962D-131DD8AAC6BB}.Release|Any CPU.Build.0 = Release|Any CPU
		{1F083A7E-CD12-4D33-ACBB-7331592A08FD}.Debug|Any CPU.ActiveCfg = Debug|Any CPU
		{1F083A7E-CD12-4D33-ACBB-7331592A08FD}.Debug|Any CPU.Build.0 = Debug|Any CPU
		{1F083A7E-CD12-4D33-ACBB-7331592A08FD}.Release|Any CPU.ActiveCfg = Release|Any CPU
		{1F083A7E-CD12-4D33-ACBB-7331592A08FD}.Release|Any CPU.Build.0 = Release|Any CPU
		{23F18524-BEA1-4796-A2B3-BA747BB16233}.Debug|Any CPU.ActiveCfg = Debug|Any CPU
		{23F18524-BEA1-4796-A2B3-BA747BB16233}.Debug|Any CPU.Build.0 = Debug|Any CPU
		{23F18524-BEA1-4796-A2B3-BA747BB16233}.Release|Any CPU.ActiveCfg = Release|Any CPU
		{23F18524-BEA1-4796-A2B3-BA747BB16233}.Release|Any CPU.Build.0 = Release|Any CPU
		{EE7C98CD-EE41-4560-87B5-1A8BE42297C9}.Debug|Any CPU.ActiveCfg = Debug|Any CPU
		{EE7C98CD-EE41-4560-87B5-1A8BE42297C9}.Debug|Any CPU.Build.0 = Debug|Any CPU
		{EE7C98CD-EE41-4560-87B5-1A8BE42297C9}.Release|Any CPU.ActiveCfg = Release|Any CPU
		{EE7C98CD-EE41-4560-87B5-1A8BE42297C9}.Release|Any CPU.Build.0 = Release|Any CPU
		{06A06B1F-AD2D-4A1A-80D1-21853DFDED00}.Debug|Any CPU.ActiveCfg = Debug|Any CPU
		{06A06B1F-AD2D-4A1A-80D1-21853DFDED00}.Debug|Any CPU.Build.0 = Debug|Any CPU
		{06A06B1F-AD2D-4A1A-80D1-21853DFDED00}.Release|Any CPU.ActiveCfg = Release|Any CPU
		{06A06B1F-AD2D-4A1A-80D1-21853DFDED00}.Release|Any CPU.Build.0 = Release|Any CPU
		{1EEC999B-4153-4A03-B4F7-C685595275A3}.Debug|Any CPU.ActiveCfg = Debug|Any CPU
		{1EEC999B-4153-4A03-B4F7-C685595275A3}.Debug|Any CPU.Build.0 = Debug|Any CPU
		{1EEC999B-4153-4A03-B4F7-C685595275A3}.Release|Any CPU.ActiveCfg = Release|Any CPU
		{1EEC999B-4153-4A03-B4F7-C685595275A3}.Release|Any CPU.Build.0 = Release|Any CPU
		{D1A4379B-3E42-42FC-909E-354620553913}.Debug|Any CPU.ActiveCfg = Debug|Any CPU
		{D1A4379B-3E42-42FC-909E-354620553913}.Debug|Any CPU.Build.0 = Debug|Any CPU
		{D1A4379B-3E42-42FC-909E-354620553913}.Release|Any CPU.ActiveCfg = Release|Any CPU
		{D1A4379B-3E42-42FC-909E-354620553913}.Release|Any CPU.Build.0 = Release|Any CPU
		{9598782D-F039-46E6-A119-2516F33120C9}.Debug|Any CPU.ActiveCfg = Debug|Any CPU
		{9598782D-F039-46E6-A119-2516F33120C9}.Debug|Any CPU.Build.0 = Debug|Any CPU
		{9598782D-F039-46E6-A119-2516F33120C9}.Release|Any CPU.ActiveCfg = Release|Any CPU
		{9598782D-F039-46E6-A119-2516F33120C9}.Release|Any CPU.Build.0 = Release|Any CPU
		{103711ED-4D13-42F7-B231-7369BDB3736E}.Debug|Any CPU.ActiveCfg = Debug|Any CPU
		{103711ED-4D13-42F7-B231-7369BDB3736E}.Debug|Any CPU.Build.0 = Debug|Any CPU
		{103711ED-4D13-42F7-B231-7369BDB3736E}.Release|Any CPU.ActiveCfg = Release|Any CPU
		{103711ED-4D13-42F7-B231-7369BDB3736E}.Release|Any CPU.Build.0 = Release|Any CPU
		{FE521087-4312-45C1-AEB7-1CEE05E54267}.Debug|Any CPU.ActiveCfg = Debug|Any CPU
		{FE521087-4312-45C1-AEB7-1CEE05E54267}.Debug|Any CPU.Build.0 = Debug|Any CPU
		{FE521087-4312-45C1-AEB7-1CEE05E54267}.Release|Any CPU.ActiveCfg = Release|Any CPU
		{FE521087-4312-45C1-AEB7-1CEE05E54267}.Release|Any CPU.Build.0 = Release|Any CPU
		{56A91553-9D5F-48A2-A913-071FDDCCB5D3}.Debug|Any CPU.ActiveCfg = Debug|Any CPU
		{56A91553-9D5F-48A2-A913-071FDDCCB5D3}.Debug|Any CPU.Build.0 = Debug|Any CPU
		{56A91553-9D5F-48A2-A913-071FDDCCB5D3}.Release|Any CPU.ActiveCfg = Release|Any CPU
		{56A91553-9D5F-48A2-A913-071FDDCCB5D3}.Release|Any CPU.Build.0 = Release|Any CPU
		{B292D8BA-1AC9-4555-B4DA-600B29AC111D}.Debug|Any CPU.ActiveCfg = Debug|Any CPU
		{B292D8BA-1AC9-4555-B4DA-600B29AC111D}.Debug|Any CPU.Build.0 = Debug|Any CPU
		{B292D8BA-1AC9-4555-B4DA-600B29AC111D}.Release|Any CPU.ActiveCfg = Release|Any CPU
		{B292D8BA-1AC9-4555-B4DA-600B29AC111D}.Release|Any CPU.Build.0 = Release|Any CPU
		{0A5881CB-C5CC-48D2-80D3-820AB68678CD}.Debug|Any CPU.ActiveCfg = Debug|Any CPU
		{0A5881CB-C5CC-48D2-80D3-820AB68678CD}.Debug|Any CPU.Build.0 = Debug|Any CPU
		{0A5881CB-C5CC-48D2-80D3-820AB68678CD}.Release|Any CPU.ActiveCfg = Release|Any CPU
		{0A5881CB-C5CC-48D2-80D3-820AB68678CD}.Release|Any CPU.Build.0 = Release|Any CPU
		{5A2936DE-FB8F-4087-BDFF-F7E7D1080250}.Debug|Any CPU.ActiveCfg = Debug|Any CPU
		{5A2936DE-FB8F-4087-BDFF-F7E7D1080250}.Debug|Any CPU.Build.0 = Debug|Any CPU
		{5A2936DE-FB8F-4087-BDFF-F7E7D1080250}.Release|Any CPU.ActiveCfg = Release|Any CPU
		{5A2936DE-FB8F-4087-BDFF-F7E7D1080250}.Release|Any CPU.Build.0 = Release|Any CPU
		{7724CA11-6CFD-40BA-96BA-96DDC1C83B1E}.Debug|Any CPU.ActiveCfg = Debug|Any CPU
		{7724CA11-6CFD-40BA-96BA-96DDC1C83B1E}.Debug|Any CPU.Build.0 = Debug|Any CPU
		{7724CA11-6CFD-40BA-96BA-96DDC1C83B1E}.Release|Any CPU.ActiveCfg = Release|Any CPU
		{7724CA11-6CFD-40BA-96BA-96DDC1C83B1E}.Release|Any CPU.Build.0 = Release|Any CPU
		{5FF0FB65-5899-40B8-9E98-D9B4D727DB64}.Debug|Any CPU.ActiveCfg = Debug|Any CPU
		{5FF0FB65-5899-40B8-9E98-D9B4D727DB64}.Debug|Any CPU.Build.0 = Debug|Any CPU
		{5FF0FB65-5899-40B8-9E98-D9B4D727DB64}.Release|Any CPU.ActiveCfg = Release|Any CPU
		{5FF0FB65-5899-40B8-9E98-D9B4D727DB64}.Release|Any CPU.Build.0 = Release|Any CPU
		{31A9F0E2-331D-4505-85A8-B7629392B6A1}.Debug|Any CPU.ActiveCfg = Debug|Any CPU
		{31A9F0E2-331D-4505-85A8-B7629392B6A1}.Debug|Any CPU.Build.0 = Debug|Any CPU
		{31A9F0E2-331D-4505-85A8-B7629392B6A1}.Release|Any CPU.ActiveCfg = Release|Any CPU
		{31A9F0E2-331D-4505-85A8-B7629392B6A1}.Release|Any CPU.Build.0 = Release|Any CPU
		{37ACBBCF-FA07-4220-A509-C7D86F2BFA18}.Debug|Any CPU.ActiveCfg = Debug|Any CPU
		{37ACBBCF-FA07-4220-A509-C7D86F2BFA18}.Debug|Any CPU.Build.0 = Debug|Any CPU
		{37ACBBCF-FA07-4220-A509-C7D86F2BFA18}.Release|Any CPU.ActiveCfg = Release|Any CPU
		{37ACBBCF-FA07-4220-A509-C7D86F2BFA18}.Release|Any CPU.Build.0 = Release|Any CPU
		{D8DCA881-43F4-461D-AACD-6B21F4206563}.Debug|Any CPU.ActiveCfg = Debug|Any CPU
		{D8DCA881-43F4-461D-AACD-6B21F4206563}.Debug|Any CPU.Build.0 = Debug|Any CPU
		{D8DCA881-43F4-461D-AACD-6B21F4206563}.Release|Any CPU.ActiveCfg = Release|Any CPU
		{D8DCA881-43F4-461D-AACD-6B21F4206563}.Release|Any CPU.Build.0 = Release|Any CPU
		{75AD589B-8700-4FDC-9C11-49E3959995D9}.Debug|Any CPU.ActiveCfg = Debug|Any CPU
		{75AD589B-8700-4FDC-9C11-49E3959995D9}.Debug|Any CPU.Build.0 = Debug|Any CPU
		{75AD589B-8700-4FDC-9C11-49E3959995D9}.Release|Any CPU.ActiveCfg = Release|Any CPU
		{75AD589B-8700-4FDC-9C11-49E3959995D9}.Release|Any CPU.Build.0 = Release|Any CPU
		{2654500E-5117-430B-8C67-031461B3F272}.Debug|Any CPU.ActiveCfg = Debug|Any CPU
		{2654500E-5117-430B-8C67-031461B3F272}.Debug|Any CPU.Build.0 = Debug|Any CPU
		{2654500E-5117-430B-8C67-031461B3F272}.Release|Any CPU.ActiveCfg = Release|Any CPU
		{2654500E-5117-430B-8C67-031461B3F272}.Release|Any CPU.Build.0 = Release|Any CPU
		{60EEFCFE-9C05-42F2-A801-5BDE31E4CCF5}.Debug|Any CPU.ActiveCfg = Debug|Any CPU
		{60EEFCFE-9C05-42F2-A801-5BDE31E4CCF5}.Debug|Any CPU.Build.0 = Debug|Any CPU
		{60EEFCFE-9C05-42F2-A801-5BDE31E4CCF5}.Release|Any CPU.ActiveCfg = Release|Any CPU
		{60EEFCFE-9C05-42F2-A801-5BDE31E4CCF5}.Release|Any CPU.Build.0 = Release|Any CPU
		{116A407B-60F5-4CDF-A86D-955ADF06349B}.Debug|Any CPU.ActiveCfg = Debug|Any CPU
		{116A407B-60F5-4CDF-A86D-955ADF06349B}.Debug|Any CPU.Build.0 = Debug|Any CPU
		{116A407B-60F5-4CDF-A86D-955ADF06349B}.Release|Any CPU.ActiveCfg = Release|Any CPU
		{116A407B-60F5-4CDF-A86D-955ADF06349B}.Release|Any CPU.Build.0 = Release|Any CPU
		{F0B40BE9-4526-4C90-85CD-C931AB0CBFB9}.Debug|Any CPU.ActiveCfg = Debug|Any CPU
		{F0B40BE9-4526-4C90-85CD-C931AB0CBFB9}.Debug|Any CPU.Build.0 = Debug|Any CPU
		{F0B40BE9-4526-4C90-85CD-C931AB0CBFB9}.Release|Any CPU.ActiveCfg = Release|Any CPU
		{F0B40BE9-4526-4C90-85CD-C931AB0CBFB9}.Release|Any CPU.Build.0 = Release|Any CPU
		{75BAEA6C-B563-425C-BF24-6E005EA84C80}.Debug|Any CPU.ActiveCfg = Debug|Any CPU
		{75BAEA6C-B563-425C-BF24-6E005EA84C80}.Debug|Any CPU.Build.0 = Debug|Any CPU
		{75BAEA6C-B563-425C-BF24-6E005EA84C80}.Release|Any CPU.ActiveCfg = Release|Any CPU
		{75BAEA6C-B563-425C-BF24-6E005EA84C80}.Release|Any CPU.Build.0 = Release|Any CPU
		{430086B5-D74A-402F-9C4C-D761173E1F87}.Debug|Any CPU.ActiveCfg = Debug|Any CPU
		{430086B5-D74A-402F-9C4C-D761173E1F87}.Debug|Any CPU.Build.0 = Debug|Any CPU
		{430086B5-D74A-402F-9C4C-D761173E1F87}.Release|Any CPU.ActiveCfg = Release|Any CPU
		{430086B5-D74A-402F-9C4C-D761173E1F87}.Release|Any CPU.Build.0 = Release|Any CPU
		{3AC8317C-7B70-46DD-BCE4-78ED747005DD}.Debug|Any CPU.ActiveCfg = Debug|Any CPU
		{3AC8317C-7B70-46DD-BCE4-78ED747005DD}.Debug|Any CPU.Build.0 = Debug|Any CPU
		{3AC8317C-7B70-46DD-BCE4-78ED747005DD}.Release|Any CPU.ActiveCfg = Release|Any CPU
		{3AC8317C-7B70-46DD-BCE4-78ED747005DD}.Release|Any CPU.Build.0 = Release|Any CPU
		{F1110434-BFE2-4394-9BEE-CF9820540292}.Debug|Any CPU.ActiveCfg = Debug|Any CPU
		{F1110434-BFE2-4394-9BEE-CF9820540292}.Debug|Any CPU.Build.0 = Debug|Any CPU
		{F1110434-BFE2-4394-9BEE-CF9820540292}.Release|Any CPU.ActiveCfg = Release|Any CPU
		{F1110434-BFE2-4394-9BEE-CF9820540292}.Release|Any CPU.Build.0 = Release|Any CPU
		{2BDC2E06-9B0D-41CB-A981-019E46C207CF}.Debug|Any CPU.ActiveCfg = Debug|Any CPU
		{2BDC2E06-9B0D-41CB-A981-019E46C207CF}.Debug|Any CPU.Build.0 = Debug|Any CPU
		{2BDC2E06-9B0D-41CB-A981-019E46C207CF}.Release|Any CPU.ActiveCfg = Release|Any CPU
		{2BDC2E06-9B0D-41CB-A981-019E46C207CF}.Release|Any CPU.Build.0 = Release|Any CPU
		{31E4B1AD-1B23-4766-B7FF-4366FA31257E}.Debug|Any CPU.ActiveCfg = Debug|Any CPU
		{31E4B1AD-1B23-4766-B7FF-4366FA31257E}.Debug|Any CPU.Build.0 = Debug|Any CPU
		{31E4B1AD-1B23-4766-B7FF-4366FA31257E}.Release|Any CPU.ActiveCfg = Release|Any CPU
		{31E4B1AD-1B23-4766-B7FF-4366FA31257E}.Release|Any CPU.Build.0 = Release|Any CPU
		{8A48FA2A-E8D7-45B1-A316-66103BD53101}.Debug|Any CPU.ActiveCfg = Debug|Any CPU
		{8A48FA2A-E8D7-45B1-A316-66103BD53101}.Debug|Any CPU.Build.0 = Debug|Any CPU
		{8A48FA2A-E8D7-45B1-A316-66103BD53101}.Release|Any CPU.ActiveCfg = Release|Any CPU
		{8A48FA2A-E8D7-45B1-A316-66103BD53101}.Release|Any CPU.Build.0 = Release|Any CPU
	EndGlobalSection
	GlobalSection(NestedProjects) = preSolution
		{C070F90E-CD03-4B7D-B41B-677738A2D7B1} = {402171FF-E8E3-4A16-8B53-D899D91634AF}
		{9D0B36C7-0E25-4A70-9AAE-8F426CA7246D} = {402171FF-E8E3-4A16-8B53-D899D91634AF}
		{E6B9924D-D3FB-4503-B8F6-118EE103E0DC} = {402171FF-E8E3-4A16-8B53-D899D91634AF}
		{BC1CE546-A819-4A3B-91BC-BDF13DD92647} = {402171FF-E8E3-4A16-8B53-D899D91634AF}
		{96161907-8C5E-4FA4-83E9-5521DB8A4DA2} = {402171FF-E8E3-4A16-8B53-D899D91634AF}
		{3A10A692-DA62-45C9-85C1-02956C9BEEDB} = {402171FF-E8E3-4A16-8B53-D899D91634AF}
		{0DD2F983-5F0E-4F7E-A07F-DBCD4DAB8820} = {402171FF-E8E3-4A16-8B53-D899D91634AF}
		{6389D0A4-7A62-4F80-9095-86197C61F043} = {402171FF-E8E3-4A16-8B53-D899D91634AF}
		{8C5DC7A7-1826-4F0E-8481-013B8BE9D027} = {402171FF-E8E3-4A16-8B53-D899D91634AF}
		{52149E57-DFD4-4957-9CBE-80F6320FF2D2} = {402171FF-E8E3-4A16-8B53-D899D91634AF}
		{A89650CD-100B-493B-A52B-B03449669A59} = {402171FF-E8E3-4A16-8B53-D899D91634AF}
		{90790F15-8CCF-4747-9A25-AEBC7CD03C2B} = {402171FF-E8E3-4A16-8B53-D899D91634AF}
		{00519666-77FB-449B-BCFD-F0C46319D65B} = {402171FF-E8E3-4A16-8B53-D899D91634AF}
		{F00AD491-FE5E-4F92-9EC9-E2370DD63C13} = {402171FF-E8E3-4A16-8B53-D899D91634AF}
		{53FC4E63-7C49-41B0-9631-6429711779C6} = {402171FF-E8E3-4A16-8B53-D899D91634AF}
		{D9B8BFC0-7CBB-4CB8-9175-19A00C10FE4C} = {402171FF-E8E3-4A16-8B53-D899D91634AF}
		{7E94E183-BE62-408C-8FC9-7780261E1489} = {402171FF-E8E3-4A16-8B53-D899D91634AF}
		{6803A2B9-7DC6-4F11-8C90-270693F1DA5F} = {402171FF-E8E3-4A16-8B53-D899D91634AF}
		{51CF2BD0-5088-4C40-AA2E-341324E78347} = {402171FF-E8E3-4A16-8B53-D899D91634AF}
		{737D6945-D64B-486F-BCF5-5ACB86AAD10D} = {402171FF-E8E3-4A16-8B53-D899D91634AF}
		{345063F9-835F-473D-A0DA-1B956A7FB73D} = {402171FF-E8E3-4A16-8B53-D899D91634AF}
		{497C6102-9C91-49A3-8C6F-8BD56640666C} = {402171FF-E8E3-4A16-8B53-D899D91634AF}
		{24C221CD-5FF7-485B-962D-131DD8AAC6BB} = {402171FF-E8E3-4A16-8B53-D899D91634AF}
		{1F083A7E-CD12-4D33-ACBB-7331592A08FD} = {402171FF-E8E3-4A16-8B53-D899D91634AF}
		{23F18524-BEA1-4796-A2B3-BA747BB16233} = {402171FF-E8E3-4A16-8B53-D899D91634AF}
		{EE7C98CD-EE41-4560-87B5-1A8BE42297C9} = {402171FF-E8E3-4A16-8B53-D899D91634AF}
		{06A06B1F-AD2D-4A1A-80D1-21853DFDED00} = {402171FF-E8E3-4A16-8B53-D899D91634AF}
		{1EEC999B-4153-4A03-B4F7-C685595275A3} = {402171FF-E8E3-4A16-8B53-D899D91634AF}
		{D1A4379B-3E42-42FC-909E-354620553913} = {402171FF-E8E3-4A16-8B53-D899D91634AF}
		{9598782D-F039-46E6-A119-2516F33120C9} = {402171FF-E8E3-4A16-8B53-D899D91634AF}
		{103711ED-4D13-42F7-B231-7369BDB3736E} = {402171FF-E8E3-4A16-8B53-D899D91634AF}
		{FE521087-4312-45C1-AEB7-1CEE05E54267} = {402171FF-E8E3-4A16-8B53-D899D91634AF}
		{56A91553-9D5F-48A2-A913-071FDDCCB5D3} = {402171FF-E8E3-4A16-8B53-D899D91634AF}
		{B292D8BA-1AC9-4555-B4DA-600B29AC111D} = {402171FF-E8E3-4A16-8B53-D899D91634AF}
		{0A5881CB-C5CC-48D2-80D3-820AB68678CD} = {402171FF-E8E3-4A16-8B53-D899D91634AF}
		{5A2936DE-FB8F-4087-BDFF-F7E7D1080250} = {402171FF-E8E3-4A16-8B53-D899D91634AF}
		{7724CA11-6CFD-40BA-96BA-96DDC1C83B1E} = {402171FF-E8E3-4A16-8B53-D899D91634AF}
		{5FF0FB65-5899-40B8-9E98-D9B4D727DB64} = {402171FF-E8E3-4A16-8B53-D899D91634AF}
		{31A9F0E2-331D-4505-85A8-B7629392B6A1} = {402171FF-E8E3-4A16-8B53-D899D91634AF}
		{37ACBBCF-FA07-4220-A509-C7D86F2BFA18} = {402171FF-E8E3-4A16-8B53-D899D91634AF}
		{D8DCA881-43F4-461D-AACD-6B21F4206563} = {402171FF-E8E3-4A16-8B53-D899D91634AF}
		{75AD589B-8700-4FDC-9C11-49E3959995D9} = {402171FF-E8E3-4A16-8B53-D899D91634AF}
		{2654500E-5117-430B-8C67-031461B3F272} = {402171FF-E8E3-4A16-8B53-D899D91634AF}
		{60EEFCFE-9C05-42F2-A801-5BDE31E4CCF5} = {402171FF-E8E3-4A16-8B53-D899D91634AF}
		{116A407B-60F5-4CDF-A86D-955ADF06349B} = {402171FF-E8E3-4A16-8B53-D899D91634AF}
		{F0B40BE9-4526-4C90-85CD-C931AB0CBFB9} = {402171FF-E8E3-4A16-8B53-D899D91634AF}
		{75BAEA6C-B563-425C-BF24-6E005EA84C80} = {402171FF-E8E3-4A16-8B53-D899D91634AF}
		{430086B5-D74A-402F-9C4C-D761173E1F87} = {402171FF-E8E3-4A16-8B53-D899D91634AF}
		{3AC8317C-7B70-46DD-BCE4-78ED747005DD} = {402171FF-E8E3-4A16-8B53-D899D91634AF}
		{F1110434-BFE2-4394-9BEE-CF9820540292} = {402171FF-E8E3-4A16-8B53-D899D91634AF}
		{2BDC2E06-9B0D-41CB-A981-019E46C207CF} = {402171FF-E8E3-4A16-8B53-D899D91634AF}
		{31E4B1AD-1B23-4766-B7FF-4366FA31257E} = {402171FF-E8E3-4A16-8B53-D899D91634AF}
		{8A48FA2A-E8D7-45B1-A316-66103BD53101} = {402171FF-E8E3-4A16-8B53-D899D91634AF}
	EndGlobalSection
EndGlobal
